{
    "_readme": [
        "This file locks the dependencies of your project to a known state",
        "Read more about it at https://getcomposer.org/doc/01-basic-usage.md#composer-lock-the-lock-file",
        "This file is @generated automatically"
    ],
    "hash": "2f48f65f5476c57004eaa7ce0f11a38d",
    "content-hash": "8358c98cd7a33392ed5a71e1b256f35a",
    "packages": [
        {
            "name": "giggsey/libphonenumber-for-php",
            "version": "7.4.5",
            "source": {
                "type": "git",
                "url": "https://github.com/giggsey/libphonenumber-for-php.git",
                "reference": "a138adeb07233059c2a8d3caea7b6a6bcbee6765"
            },
            "dist": {
                "type": "zip",
                "url": "https://api.github.com/repos/giggsey/libphonenumber-for-php/zipball/a138adeb07233059c2a8d3caea7b6a6bcbee6765",
                "reference": "a138adeb07233059c2a8d3caea7b6a6bcbee6765",
                "shasum": ""
            },
            "require": {
                "ext-mbstring": "*",
                "php": ">=5.3"
            },
            "require-dev": {
                "pear/pear-core-minimal": "^1.9",
                "pear/pear_exception": "^1.0",
                "pear/versioncontrol_git": "dev-master",
                "phing/phing": "~2.7",
                "phpunit/phpunit": "~4.0",
                "satooshi/php-coveralls": "~0.6",
                "symfony/console": "^2.5"
            },
            "suggest": {
                "ext-intl": "To use the geocoder and carrier mapping"
            },
            "type": "library",
            "extra": {
                "branch-alias": {
                    "dev-master": "7.x-dev"
                }
            },
            "autoload": {
                "psr-0": {
                    "libphonenumber": "src/"
                }
            },
            "notification-url": "https://packagist.org/downloads/",
            "license": [
                "Apache-2.0"
            ],
            "authors": [
                {
                    "name": "Joshua Gigg",
                    "email": "giggsey@gmail.com",
                    "homepage": "http://giggsey.com/"
                }
            ],
            "description": "PHP Port of Google's libphonenumber",
            "homepage": "https://github.com/giggsey/libphonenumber-for-php",
            "keywords": [
                "geocoding",
                "geolocation",
                "libphonenumber",
                "mobile",
                "phonenumber",
                "validation"
            ],
            "time": "2016-07-14 10:56:47"
        }
    ],
    "packages-dev": [],
    "aliases": [],
    "minimum-stability": "stable",
    "stability-flags": [],
    "prefer-stable": false,
    "prefer-lowest": false,
    "platform": [],
    "platform-dev": []
}
